
Microsoft Visual Studio Solution File, Format Version 12.00
# Visual Studio 15
VisualStudioVersion = 15.0.28307.539
MinimumVisualStudioVersion = 10.0.40219.1
Project("{FAE04EC0-301F-11D3-BF4B-00C04F79EFBC}") = "UkladaniDat.Android", "UkladaniDat\UkladaniDat.Android\UkladaniDat.Android.csproj", "{1F2FA0D4-7C49-48B0-BE4C-DDEF3FC00D30}"
EndProject
Project("{FAE04EC0-301F-11D3-BF4B-00C04F79EFBC}") = "UkladaniDat.UWP", "UkladaniDat\UkladaniDat.UWP\UkladaniDat.UWP.csproj", "{7CD2BB5A-E788-44FB-8522-564A74954863}"
EndProject
Project("{FAE04EC0-301F-11D3-BF4B-00C04F79EFBC}") = "UkladaniDat", "UkladaniDat\UkladaniDat\UkladaniDat.csproj", "{8B8DDFA2-BED9-49AF-B0E4-8E314473177F}"
EndProject
Global
	GlobalSection(SolutionConfigurationPlatforms) = preSolution
		Debug|Any CPU = Debug|Any CPU
		Debug|ARM = Debug|ARM
		Debug|x64 = Debug|x64
		Debug|x86 = Debug|x86
		Release|Any CPU = Release|Any CPU
		Release|ARM = Release|ARM
		Release|x64 = Release|x64
		Release|x86 = Release|x86
	EndGlobalSection
	GlobalSection(ProjectConfigurationPlatforms) = postSolution
		{1F2FA0D4-7C49-48B0-BE4C-DDEF3FC00D30}.Debug|Any CPU.ActiveCfg = Debug|Any CPU
		{1F2FA0D4-7C49-48B0-BE4C-DDEF3FC00D30}.Debug|Any CPU.Build.0 = Debug|Any CPU
		{1F2FA0D4-7C49-48B0-BE4C-DDEF3FC00D30}.Debug|Any CPU.Deploy.0 = Debug|Any CPU
		{1F2FA0D4-7C49-48B0-BE4C-DDEF3FC00D30}.Debug|ARM.ActiveCfg = Debug|Any CPU
		{1F2FA0D4-7C49-48B0-BE4C-DDEF3FC00D30}.Debug|ARM.Build.0 = Debug|Any CPU
		{1F2FA0D4-7C49-48B0-BE4C-DDEF3FC00D30}.Debug|ARM.Deploy.0 = Debug|Any CPU
		{1F2FA0D4-7C49-48B0-BE4C-DDEF3FC00D30}.Debug|x64.ActiveCfg = Debug|Any CPU
		{1F2FA0D4-7C49-48B0-BE4C-DDEF3FC00D30}.Debug|x64.Build.0 = Debug|Any CPU
		{1F2FA0D4-7C49-48B0-BE4C-DDEF3FC00D30}.Debug|x64.Deploy.0 = Debug|Any CPU
		{1F2FA0D4-7C49-48B0-BE4C-DDEF3FC00D30}.Debug|x86.ActiveCfg = Debug|Any CPU
		{1F2FA0D4-7C49-48B0-BE4C-DDEF3FC00D30}.Debug|x86.Build.0 = Debug|Any CPU
		{1F2FA0D4-7C49-48B0-BE4C-DDEF3FC00D30}.Debug|x86.Deploy.0 = Debug|Any CPU
		{1F2FA0D4-7C49-48B0-BE4C-DDEF3FC00D30}.Release|Any CPU.ActiveCfg = Release|Any CPU
		{1F2FA0D4-7C49-48B0-BE4C-DDEF3FC00D30}.Release|Any CPU.Build.0 = Release|Any CPU
		{1F2FA0D4-7C49-48B0-BE4C-DDEF3FC00D30}.Release|Any CPU.Deploy.0 = Release|Any CPU
		{1F2FA0D4-7C49-48B0-BE4C-DDEF3FC00D30}.Release|ARM.ActiveCfg = Release|Any CPU
		{1F2FA0D4-7C49-48B0-BE4C-DDEF3FC00D30}.Release|ARM.Build.0 = Release|Any CPU
		{1F2FA0D4-7C49-48B0-BE4C-DDEF3FC00D30}.Release|ARM.Deploy.0 = Release|Any CPU
		{1F2FA0D4-7C49-48B0-BE4C-DDEF3FC00D30}.Release|x64.ActiveCfg = Release|Any CPU
		{1F2FA0D4-7C49-48B0-BE4C-DDEF3FC00D30}.Release|x64.Build.0 = Release|Any CPU
		{1F2FA0D4-7C49-48B0-BE4C-DDEF3FC00D30}.Release|x64.Deploy.0 = Release|Any CPU
		{1F2FA0D4-7C49-48B0-BE4C-DDEF3FC00D30}.Release|x86.ActiveCfg = Release|Any CPU
		{1F2FA0D4-7C49-48B0-BE4C-DDEF3FC00D30}.Release|x86.Build.0 = Release|Any CPU
		{1F2FA0D4-7C49-48B0-BE4C-DDEF3FC00D30}.Release|x86.Deploy.0 = Release|Any CPU
		{7CD2BB5A-E788-44FB-8522-564A74954863}.Debug|Any CPU.ActiveCfg = Debug|x86
		{7CD2BB5A-E788-44FB-8522-564A74954863}.Debug|Any CPU.Build.0 = Debug|x86
		{7CD2BB5A-E788-44FB-8522-564A74954863}.Debug|Any CPU.Deploy.0 = Debug|x86
		{7CD2BB5A-E788-44FB-8522-564A74954863}.Debug|ARM.ActiveCfg = Debug|ARM
		{7CD2BB5A-E788-44FB-8522-564A74954863}.Debug|ARM.Build.0 = Debug|ARM
		{7CD2BB5A-E788-44FB-8522-564A74954863}.Debug|ARM.Deploy.0 = Debug|ARM
		{7CD2BB5A-E788-44FB-8522-564A74954863}.Debug|x64.ActiveCfg = Debug|x64
		{7CD2BB5A-E788-44FB-8522-564A74954863}.Debug|x64.Build.0 = Debug|x64
		{7CD2BB5A-E788-44FB-8522-564A74954863}.Debug|x64.Deploy.0 = Debug|x64
		{7CD2BB5A-E788-44FB-8522-564A74954863}.Debug|x86.ActiveCfg = Debug|x86
		{7CD2BB5A-E788-44FB-8522-564A74954863}.Debug|x86.Build.0 = Debug|x86
		{7CD2BB5A-E788-44FB-8522-564A74954863}.Debug|x86.Deploy.0 = Debug|x86
		{7CD2BB5A-E788-44FB-8522-564A74954863}.Release|Any CPU.ActiveCfg = Release|x86
		{7CD2BB5A-E788-44FB-8522-564A74954863}.Release|Any CPU.Build.0 = Release|x86
		{7CD2BB5A-E788-44FB-8522-564A74954863}.Release|Any CPU.Deploy.0 = Release|x86
		{7CD2BB5A-E788-44FB-8522-564A74954863}.Release|ARM.ActiveCfg = Release|ARM
		{7CD2BB5A-E788-44FB-8522-564A74954863}.Release|ARM.Build.0 = Release|ARM
		{7CD2BB5A-E788-44FB-8522-564A74954863}.Release|ARM.Deploy.0 = Release|ARM
		{7CD2BB5A-E788-44FB-8522-564A74954863}.Release|x64.ActiveCfg = Release|x64
		{7CD2BB5A-E788-44FB-8522-564A74954863}.Release|x64.Build.0 = Release|x64
		{7CD2BB5A-E788-44FB-8522-564A74954863}.Release|x64.Deploy.0 = Release|x64
		{7CD2BB5A-E788-44FB-8522-564A74954863}.Release|x86.ActiveCfg = Release|x86
		{7CD2BB5A-E788-44FB-8522-564A74954863}.Release|x86.Build.0 = Release|x86
		{7CD2BB5A-E788-44FB-8522-564A74954863}.Release|x86.Deploy.0 = Release|x86
		{8B8DDFA2-BED9-49AF-B0E4-8E314473177F}.Debug|Any CPU.ActiveCfg = Debug|Any CPU
		{8B8DDFA2-BED9-49AF-B0E4-8E314473177F}.Debug|Any CPU.Build.0 = Debug|Any CPU
		{8B8DDFA2-BED9-49AF-B0E4-8E314473177F}.Debug|Any CPU.Deploy.0 = Debug|Any CPU
		{8B8DDFA2-BED9-49AF-B0E4-8E314473177F}.Debug|ARM.ActiveCfg = Debug|Any CPU
		{8B8DDFA2-BED9-49AF-B0E4-8E314473177F}.Debug|ARM.Build.0 = Debug|Any CPU
		{8B8DDFA2-BED9-49AF-B0E4-8E314473177F}.Debug|ARM.Deploy.0 = Debug|Any CPU
		{8B8DDFA2-BED9-49AF-B0E4-8E314473177F}.Debug|x64.ActiveCfg = Debug|Any CPU
		{8B8DDFA2-BED9-49AF-B0E4-8E314473177F}.Debug|x64.Build.0 = Debug|Any CPU
		{8B8DDFA2-BED9-49AF-B0E4-8E314473177F}.Debug|x64.Deploy.0 = Debug|Any CPU
		{8B8DDFA2-BED9-49AF-B0E4-8E314473177F}.Debug|x86.ActiveCfg = Debug|Any CPU
		{8B8DDFA2-BED9-49AF-B0E4-8E314473177F}.Debug|x86.Build.0 = Debug|Any CPU
		{8B8DDFA2-BED9-49AF-B0E4-8E314473177F}.Debug|x86.Deploy.0 = Debug|Any CPU
		{8B8DDFA2-BED9-49AF-B0E4-8E314473177F}.Release|Any CPU.ActiveCfg = Release|Any CPU
		{8B8DDFA2-BED9-49AF-B0E4-8E314473177F}.Release|Any CPU.Build.0 = Release|Any CPU
		{8B8DDFA2-BED9-49AF-B0E4-8E314473177F}.Release|Any CPU.Deploy.0 = Release|Any CPU
		{8B8DDFA2-BED9-49AF-B0E4-8E314473177F}.Release|ARM.ActiveCfg = Release|Any CPU
		{8B8DDFA2-BED9-49AF-B0E4-8E314473177F}.Release|ARM.Build.0 = Release|Any CPU
		{8B8DDFA2-BED9-49AF-B0E4-8E314473177F}.Release|ARM.Deploy.0 = Release|Any CPU
		{8B8DDFA2-BED9-49AF-B0E4-8E314473177F}.Release|x64.ActiveCfg = Release|Any CPU
		{8B8DDFA2-BED9-49AF-B0E4-8E314473177F}.Release|x64.Build.0 = Release|Any CPU
		{8B8DDFA2-BED9-49AF-B0E4-8E314473177F}.Release|x64.Deploy.0 = Release|Any CPU
		{8B8DDFA2-BED9-49AF-B0E4-8E314473177F}.Release|x86.ActiveCfg = Release|Any CPU
		{8B8DDFA2-BED9-49AF-B0E4-8E314473177F}.Release|x86.Build.0 = Release|Any CPU
		{8B8DDFA2-BED9-49AF-B0E4-8E314473177F}.Release|x86.Deploy.0 = Release|Any CPU
	EndGlobalSection
	GlobalSection(SolutionProperties) = preSolution
		HideSolutionNode = FALSE
	EndGlobalSection
	GlobalSection(ExtensibilityGlobals) = postSolution
		SolutionGuid = {59AFD219-54C9-443E-A32C-C0FA753ADAE4}
	EndGlobalSection
EndGlobal
