
Microsoft Visual Studio Solution File, Format Version 12.00
# Visual Studio 2012
Project("{FAE04EC0-301F-11D3-BF4B-00C04F79EFBC}") = "RadySoucty", "RadySoucty\RadySoucty.csproj", "{85841C92-0B42-4891-931D-A2CE02501D87}"
EndProject
Global
	GlobalSection(SolutionConfigurationPlatforms) = preSolution
		Debug|Any CPU = Debug|Any CPU
		Release|Any CPU = Release|Any CPU
	EndGlobalSection
	GlobalSection(ProjectConfigurationPlatforms) = postSolution
		{85841C92-0B42-4891-931D-A2CE02501D87}.Debug|Any CPU.ActiveCfg = Debug|Any CPU
		{85841C92-0B42-4891-931D-A2CE02501D87}.Debug|Any CPU.Build.0 = Debug|Any CPU
		{85841C92-0B42-4891-931D-A2CE02501D87}.Release|Any CPU.ActiveCfg = Release|Any CPU
		{85841C92-0B42-4891-931D-A2CE02501D87}.Release|Any CPU.Build.0 = Release|Any CPU
	EndGlobalSection
	GlobalSection(SolutionProperties) = preSolution
		HideSolutionNode = FALSE
	EndGlobalSection
EndGlobal
