
Microsoft Visual Studio Solution File, Format Version 12.00
# Visual Studio Version 16
VisualStudioVersion = 16.0.29905.134
MinimumVisualStudioVersion = 10.0.40219.1
Project("{FAE04EC0-301F-11D3-BF4B-00C04F79EFBC}") = "Seznamy", "Seznamy.csproj", "{FEEB93CC-A3A3-441A-A244-FDCB8671EA3C}"
EndProject
Global
	GlobalSection(SolutionConfigurationPlatforms) = preSolution
		Debug|Any CPU = Debug|Any CPU
		Release|Any CPU = Release|Any CPU
	EndGlobalSection
	GlobalSection(ProjectConfigurationPlatforms) = postSolution
		{FEEB93CC-A3A3-441A-A244-FDCB8671EA3C}.Debug|Any CPU.ActiveCfg = Debug|Any CPU
		{FEEB93CC-A3A3-441A-A244-FDCB8671EA3C}.Debug|Any CPU.Build.0 = Debug|Any CPU
		{FEEB93CC-A3A3-441A-A244-FDCB8671EA3C}.Release|Any CPU.ActiveCfg = Release|Any CPU
		{FEEB93CC-A3A3-441A-A244-FDCB8671EA3C}.Release|Any CPU.Build.0 = Release|Any CPU
	EndGlobalSection
	GlobalSection(SolutionProperties) = preSolution
		HideSolutionNode = FALSE
	EndGlobalSection
	GlobalSection(ExtensibilityGlobals) = postSolution
		SolutionGuid = {70F4BBDD-91E0-4CFF-8BFF-F27ED6E4CD7D}
	EndGlobalSection
EndGlobal
